
Microsoft Visual Studio Solution File, Format Version 12.00
# Visual Studio Version 17
VisualStudioVersion = 17.9.34723.18
MinimumVisualStudioVersion = 10.0.40219.1
Project("{FAE04EC0-301F-11D3-BF4B-00C04F79EFBC}") = "NewLifeKtm", "NewLifeKtm.csproj", "{736E3986-E6ED-4134-B361-B909A88EA210}"
EndProject
Global
	GlobalSection(SolutionConfigurationPlatforms) = preSolution
		Debug|Any CPU = Debug|Any CPU
		Release|Any CPU = Release|Any CPU
	EndGlobalSection
	GlobalSection(ProjectConfigurationPlatforms) = postSolution
		{736E3986-E6ED-4134-B361-B909A88EA210}.Debug|Any CPU.ActiveCfg = Debug|Any CPU
		{736E3986-E6ED-4134-B361-B909A88EA210}.Debug|Any CPU.Build.0 = Debug|Any CPU
		{736E3986-E6ED-4134-B361-B909A88EA210}.Release|Any CPU.ActiveCfg = Release|Any CPU
		{736E3986-E6ED-4134-B361-B909A88EA210}.Release|Any CPU.Build.0 = Release|Any CPU
	EndGlobalSection
	GlobalSection(SolutionProperties) = preSolution
		HideSolutionNode = FALSE
	EndGlobalSection
	GlobalSection(ExtensibilityGlobals) = postSolution
		SolutionGuid = {04780960-C632-4F9B-983D-77E02052922C}
	EndGlobalSection
EndGlobal
